
Microsoft Visual Studio Solution File, Format Version 12.00
# Visual Studio Version 16
VisualStudioVersion = 16.0.29123.88
MinimumVisualStudioVersion = 10.0.40219.1
Project("{FAE04EC0-301F-11D3-BF4B-00C04F79EFBC}") = "Employee_Management", "Employee_Management.csproj", "{043F574A-ED55-475B-94BA-91D51E246A77}"
EndProject
Global
	GlobalSection(SolutionConfigurationPlatforms) = preSolution
		Debug|Any CPU = Debug|Any CPU
		Release|Any CPU = Release|Any CPU
	EndGlobalSection
	GlobalSection(ProjectConfigurationPlatforms) = postSolution
		{043F574A-ED55-475B-94BA-91D51E246A77}.Debug|Any CPU.ActiveCfg = Debug|Any CPU
		{043F574A-ED55-475B-94BA-91D51E246A77}.Debug|Any CPU.Build.0 = Debug|Any CPU
		{043F574A-ED55-475B-94BA-91D51E246A77}.Release|Any CPU.ActiveCfg = Release|Any CPU
		{043F574A-ED55-475B-94BA-91D51E246A77}.Release|Any CPU.Build.0 = Release|Any CPU
	EndGlobalSection
	GlobalSection(SolutionProperties) = preSolution
		HideSolutionNode = FALSE
	EndGlobalSection
	GlobalSection(ExtensibilityGlobals) = postSolution
		SolutionGuid = {B56085F5-B970-4999-815F-D63D9DC764DB}
	EndGlobalSection
EndGlobal
